
Microsoft Visual Studio Solution File, Format Version 12.00
# Visual Studio Version 17
VisualStudioVersion = 17.10.35122.118
MinimumVisualStudioVersion = 10.0.40219.1
Project("{FAE04EC0-301F-11D3-BF4B-00C04F79EFBC}") = "Constructors_McVey_Cason", "Constructors_McVey_Cason.csproj", "{F2CF5E27-65B0-45D0-B838-B0C4B0A54C03}"
EndProject
Global
	GlobalSection(SolutionConfigurationPlatforms) = preSolution
		Debug|Any CPU = Debug|Any CPU
		Release|Any CPU = Release|Any CPU
	EndGlobalSection
	GlobalSection(ProjectConfigurationPlatforms) = postSolution
		{F2CF5E27-65B0-45D0-B838-B0C4B0A54C03}.Debug|Any CPU.ActiveCfg = Debug|Any CPU
		{F2CF5E27-65B0-45D0-B838-B0C4B0A54C03}.Debug|Any CPU.Build.0 = Debug|Any CPU
		{F2CF5E27-65B0-45D0-B838-B0C4B0A54C03}.Release|Any CPU.ActiveCfg = Release|Any CPU
		{F2CF5E27-65B0-45D0-B838-B0C4B0A54C03}.Release|Any CPU.Build.0 = Release|Any CPU
	EndGlobalSection
	GlobalSection(SolutionProperties) = preSolution
		HideSolutionNode = FALSE
	EndGlobalSection
	GlobalSection(ExtensibilityGlobals) = postSolution
		SolutionGuid = {060069A5-2738-4700-BF87-44DA55E69A2E}
	EndGlobalSection
EndGlobal
